
Microsoft Visual Studio Solution File, Format Version 12.00
# Visual Studio Version 16
VisualStudioVersion = 16.0.33328.57
MinimumVisualStudioVersion = 10.0.40219.1
Project("{FAE04EC0-301F-11D3-BF4B-00C04F79EFBC}") = "RealEstateSite", "RealEstateSite\RealEstateSite.csproj", "{4BD9193B-CCD2-48A3-A62F-A88A0746E2C5}"
EndProject
Project("{FAE04EC0-301F-11D3-BF4B-00C04F79EFBC}") = "Utilities", "Utilities\Utilities.csproj", "{4FDF9790-A767-445C-95FB-1EF2AE259E7E}"
EndProject
Project("{FAE04EC0-301F-11D3-BF4B-00C04F79EFBC}") = "RealEstateClassLibary", "RealEstateClassLibary\RealEstateClassLibary.csproj", "{B7D71A63-0FB1-49E3-BE95-C253FE901860}"
EndProject
Project("{FAE04EC0-301F-11D3-BF4B-00C04F79EFBC}") = "RealEstateSoap", "RealEstateSoap\RealEstateSoap.csproj", "{7629F37D-F15D-438B-859E-FFB61A034BB3}"
EndProject
Global
	GlobalSection(SolutionConfigurationPlatforms) = preSolution
		Debug|Any CPU = Debug|Any CPU
		Release|Any CPU = Release|Any CPU
	EndGlobalSection
	GlobalSection(ProjectConfigurationPlatforms) = postSolution
		{4BD9193B-CCD2-48A3-A62F-A88A0746E2C5}.Debug|Any CPU.ActiveCfg = Debug|Any CPU
		{4BD9193B-CCD2-48A3-A62F-A88A0746E2C5}.Debug|Any CPU.Build.0 = Debug|Any CPU
		{4BD9193B-CCD2-48A3-A62F-A88A0746E2C5}.Release|Any CPU.ActiveCfg = Release|Any CPU
		{4BD9193B-CCD2-48A3-A62F-A88A0746E2C5}.Release|Any CPU.Build.0 = Release|Any CPU
		{4FDF9790-A767-445C-95FB-1EF2AE259E7E}.Debug|Any CPU.ActiveCfg = Debug|Any CPU
		{4FDF9790-A767-445C-95FB-1EF2AE259E7E}.Debug|Any CPU.Build.0 = Debug|Any CPU
		{4FDF9790-A767-445C-95FB-1EF2AE259E7E}.Release|Any CPU.ActiveCfg = Release|Any CPU
		{4FDF9790-A767-445C-95FB-1EF2AE259E7E}.Release|Any CPU.Build.0 = Release|Any CPU
		{B7D71A63-0FB1-49E3-BE95-C253FE901860}.Debug|Any CPU.ActiveCfg = Debug|Any CPU
		{B7D71A63-0FB1-49E3-BE95-C253FE901860}.Debug|Any CPU.Build.0 = Debug|Any CPU
		{B7D71A63-0FB1-49E3-BE95-C253FE901860}.Release|Any CPU.ActiveCfg = Release|Any CPU
		{B7D71A63-0FB1-49E3-BE95-C253FE901860}.Release|Any CPU.Build.0 = Release|Any CPU
		{7629F37D-F15D-438B-859E-FFB61A034BB3}.Debug|Any CPU.ActiveCfg = Debug|Any CPU
		{7629F37D-F15D-438B-859E-FFB61A034BB3}.Debug|Any CPU.Build.0 = Debug|Any CPU
		{7629F37D-F15D-438B-859E-FFB61A034BB3}.Release|Any CPU.ActiveCfg = Release|Any CPU
		{7629F37D-F15D-438B-859E-FFB61A034BB3}.Release|Any CPU.Build.0 = Release|Any CPU
	EndGlobalSection
	GlobalSection(SolutionProperties) = preSolution
		HideSolutionNode = FALSE
	EndGlobalSection
	GlobalSection(ExtensibilityGlobals) = postSolution
		SolutionGuid = {1B12EEF2-06C6-48E5-B179-B3CF9E3D0484}
	EndGlobalSection
EndGlobal
